
Microsoft Visual Studio Solution File, Format Version 12.00
# Visual Studio Version 17
VisualStudioVersion = 17.9.34728.123
MinimumVisualStudioVersion = 10.0.40219.1
Project("{FAE04EC0-301F-11D3-BF4B-00C04F79EFBC}") = "AbsenSMKN8Mobile", "AbsenSMKN8Mobile\AbsenSMKN8Mobile.csproj", "{1BE310FB-E8EF-4D0A-9037-1ECB1A00D20D}"
EndProject
Global
	GlobalSection(SolutionConfigurationPlatforms) = preSolution
		Debug|Any CPU = Debug|Any CPU
		Release|Any CPU = Release|Any CPU
	EndGlobalSection
	GlobalSection(ProjectConfigurationPlatforms) = postSolution
		{1BE310FB-E8EF-4D0A-9037-1ECB1A00D20D}.Debug|Any CPU.ActiveCfg = Debug|Any CPU
		{1BE310FB-E8EF-4D0A-9037-1ECB1A00D20D}.Debug|Any CPU.Build.0 = Debug|Any CPU
		{1BE310FB-E8EF-4D0A-9037-1ECB1A00D20D}.Debug|Any CPU.Deploy.0 = Debug|Any CPU
		{1BE310FB-E8EF-4D0A-9037-1ECB1A00D20D}.Release|Any CPU.ActiveCfg = Release|Any CPU
		{1BE310FB-E8EF-4D0A-9037-1ECB1A00D20D}.Release|Any CPU.Build.0 = Release|Any CPU
		{1BE310FB-E8EF-4D0A-9037-1ECB1A00D20D}.Release|Any CPU.Deploy.0 = Release|Any CPU
	EndGlobalSection
	GlobalSection(SolutionProperties) = preSolution
		HideSolutionNode = FALSE
	EndGlobalSection
	GlobalSection(ExtensibilityGlobals) = postSolution
		SolutionGuid = {2ECBA091-D96F-49B3-A2A5-80B124708E60}
	EndGlobalSection
EndGlobal
